
Microsoft Visual Studio Solution File, Format Version 10.00
# Visual Studio 2008
Project("{8BC9CEB8-8B4A-11D0-8D11-00A0C91BC942}") = "install-filter", "install-filter.vcproj", "{ED3B338F-9A7E-4136-A98D-E00771622E7B}"
EndProject
Project("{8BC9CEB8-8B4A-11D0-8D11-00A0C91BC942}") = "libusb-dll", "libusb-dll.vcproj", "{C52E6FA6-AFF5-468D-A82F-E9932E8203D4}"
EndProject
Project("{8BC9CEB8-8B4A-11D0-8D11-00A0C91BC942}") = "inf-wizard", "inf-wizard.vcproj", "{040945A3-5236-4F2E-A726-58FB98576E7B}"
EndProject
Project("{8BC9CEB8-8B4A-11D0-8D11-00A0C91BC942}") = "testlibusb-win", "testlibusb-win.vcproj", "{A1CCD5D1-6FB5-424E-B987-8DA81F16D14E}"
	ProjectSection(ProjectDependencies) = postProject
		{C52E6FA6-AFF5-468D-A82F-E9932E8203D4} = {C52E6FA6-AFF5-468D-A82F-E9932E8203D4}
	EndProjectSection
EndProject
Project("{8BC9CEB8-8B4A-11D0-8D11-00A0C91BC942}") = "testlibusb", "testlibusb.vcproj", "{64992906-17FE-4EC7-BF72-AF41B0E826D0}"
	ProjectSection(ProjectDependencies) = postProject
		{C52E6FA6-AFF5-468D-A82F-E9932E8203D4} = {C52E6FA6-AFF5-468D-A82F-E9932E8203D4}
	EndProjectSection
EndProject
Project("{8BC9CEB8-8B4A-11D0-8D11-00A0C91BC942}") = "libusb-sys", "libusb-sys.vcproj", "{AD3F6DB8-DA1A-4C27-8CBB-FC7F4B836547}"
EndProject
Project("{8BC9CEB8-8B4A-11D0-8D11-00A0C91BC942}") = "testbulk", "testbulk.vcproj", "{F1A067D0-AE24-43F2-ACD6-6545F41CEA2E}"
	ProjectSection(ProjectDependencies) = postProject
		{C52E6FA6-AFF5-468D-A82F-E9932E8203D4} = {C52E6FA6-AFF5-468D-A82F-E9932E8203D4}
	EndProjectSection
EndProject
Global
	GlobalSection(SolutionConfigurationPlatforms) = preSolution
		Debug|Win32 = Debug|Win32
		Release|Win32 = Release|Win32
	EndGlobalSection
	GlobalSection(ProjectConfigurationPlatforms) = postSolution
		{ED3B338F-9A7E-4136-A98D-E00771622E7B}.Debug|Win32.ActiveCfg = Debug|Win32
		{ED3B338F-9A7E-4136-A98D-E00771622E7B}.Debug|Win32.Build.0 = Debug|Win32
		{ED3B338F-9A7E-4136-A98D-E00771622E7B}.Release|Win32.ActiveCfg = Release|Win32
		{ED3B338F-9A7E-4136-A98D-E00771622E7B}.Release|Win32.Build.0 = Release|Win32
		{C52E6FA6-AFF5-468D-A82F-E9932E8203D4}.Debug|Win32.ActiveCfg = Debug|Win32
		{C52E6FA6-AFF5-468D-A82F-E9932E8203D4}.Debug|Win32.Build.0 = Debug|Win32
		{C52E6FA6-AFF5-468D-A82F-E9932E8203D4}.Release|Win32.ActiveCfg = Release|Win32
		{C52E6FA6-AFF5-468D-A82F-E9932E8203D4}.Release|Win32.Build.0 = Release|Win32
		{040945A3-5236-4F2E-A726-58FB98576E7B}.Debug|Win32.ActiveCfg = Debug|Win32
		{040945A3-5236-4F2E-A726-58FB98576E7B}.Debug|Win32.Build.0 = Debug|Win32
		{040945A3-5236-4F2E-A726-58FB98576E7B}.Release|Win32.ActiveCfg = Release|Win32
		{040945A3-5236-4F2E-A726-58FB98576E7B}.Release|Win32.Build.0 = Release|Win32
		{A1CCD5D1-6FB5-424E-B987-8DA81F16D14E}.Debug|Win32.ActiveCfg = Debug|Win32
		{A1CCD5D1-6FB5-424E-B987-8DA81F16D14E}.Debug|Win32.Build.0 = Debug|Win32
		{A1CCD5D1-6FB5-424E-B987-8DA81F16D14E}.Release|Win32.ActiveCfg = Release|Win32
		{A1CCD5D1-6FB5-424E-B987-8DA81F16D14E}.Release|Win32.Build.0 = Release|Win32
		{64992906-17FE-4EC7-BF72-AF41B0E826D0}.Debug|Win32.ActiveCfg = Debug|Win32
		{64992906-17FE-4EC7-BF72-AF41B0E826D0}.Debug|Win32.Build.0 = Debug|Win32
		{64992906-17FE-4EC7-BF72-AF41B0E826D0}.Release|Win32.ActiveCfg = Release|Win32
		{64992906-17FE-4EC7-BF72-AF41B0E826D0}.Release|Win32.Build.0 = Release|Win32
		{AD3F6DB8-DA1A-4C27-8CBB-FC7F4B836547}.Debug|Win32.ActiveCfg = Debug|Win32
		{AD3F6DB8-DA1A-4C27-8CBB-FC7F4B836547}.Debug|Win32.Build.0 = Debug|Win32
		{AD3F6DB8-DA1A-4C27-8CBB-FC7F4B836547}.Release|Win32.ActiveCfg = Release|Win32
		{AD3F6DB8-DA1A-4C27-8CBB-FC7F4B836547}.Release|Win32.Build.0 = Release|Win32
		{F1A067D0-AE24-43F2-ACD6-6545F41CEA2E}.Debug|Win32.ActiveCfg = Debug|Win32
		{F1A067D0-AE24-43F2-ACD6-6545F41CEA2E}.Debug|Win32.Build.0 = Debug|Win32
		{F1A067D0-AE24-43F2-ACD6-6545F41CEA2E}.Release|Win32.ActiveCfg = Release|Win32
		{F1A067D0-AE24-43F2-ACD6-6545F41CEA2E}.Release|Win32.Build.0 = Release|Win32
	EndGlobalSection
	GlobalSection(SolutionProperties) = preSolution
		HideSolutionNode = FALSE
	EndGlobalSection
EndGlobal
