
Microsoft Visual Studio Solution File, Format Version 10.00
# Visual Studio 2008
Project("{8BC9CEB8-8B4A-11D0-8D11-00A0C91BC942}") = "install-filter", "install-filter.vcproj", "{ED3B338F-9A7E-4136-A98D-E00771622E7B}"
EndProject
Project("{8BC9CEB8-8B4A-11D0-8D11-00A0C91BC942}") = "libusb0", "libusb-dll.vcproj", "{C52E6FA6-AFF5-468D-A82F-E9932E8203D4}"
EndProject
Project("{8BC9CEB8-8B4A-11D0-8D11-00A0C91BC942}") = "inf-wizard", "inf-wizard.vcproj", "{040945A3-5236-4F2E-A726-58FB98576E7B}"
	ProjectSection(ProjectDependencies) = postProject
		{9AA0E745-1A0A-4700-8ECB-6A6DE9DBF8B9} = {9AA0E745-1A0A-4700-8ECB-6A6DE9DBF8B9}
	EndProjectSection
EndProject
Project("{8BC9CEB8-8B4A-11D0-8D11-00A0C91BC942}") = "testlibusb-win", "testlibusb-win.vcproj", "{A1CCD5D1-6FB5-424E-B987-8DA81F16D14E}"
	ProjectSection(ProjectDependencies) = postProject
		{C52E6FA6-AFF5-468D-A82F-E9932E8203D4} = {C52E6FA6-AFF5-468D-A82F-E9932E8203D4}
	EndProjectSection
EndProject
Project("{8BC9CEB8-8B4A-11D0-8D11-00A0C91BC942}") = "testlibusb", "testlibusb.vcproj", "{64992906-17FE-4EC7-BF72-AF41B0E826D0}"
	ProjectSection(ProjectDependencies) = postProject
		{C52E6FA6-AFF5-468D-A82F-E9932E8203D4} = {C52E6FA6-AFF5-468D-A82F-E9932E8203D4}
	EndProjectSection
EndProject
Project("{8BC9CEB8-8B4A-11D0-8D11-00A0C91BC942}") = "libusb-sys", "libusb-sys.vcproj", "{AD3F6DB8-DA1A-4C27-8CBB-FC7F4B836547}"
EndProject
Project("{8BC9CEB8-8B4A-11D0-8D11-00A0C91BC942}") = "testbulk", "testbulk.vcproj", "{F1A067D0-AE24-43F2-ACD6-6545F41CEA2E}"
	ProjectSection(ProjectDependencies) = postProject
		{C52E6FA6-AFF5-468D-A82F-E9932E8203D4} = {C52E6FA6-AFF5-468D-A82F-E9932E8203D4}
	EndProjectSection
EndProject
Project("{8BC9CEB8-8B4A-11D0-8D11-00A0C91BC942}") = "Benchmark", "Benchmark.vcproj", "{930C04F7-EA05-49D4-8741-5C6AC3B9D72A}"
	ProjectSection(ProjectDependencies) = postProject
		{C52E6FA6-AFF5-468D-A82F-E9932E8203D4} = {C52E6FA6-AFF5-468D-A82F-E9932E8203D4}
	EndProjectSection
EndProject
Project("{2150E333-8FDC-42A3-9474-1A3956D46DE8}") = "libwdi", "libwdi", "{7D8B217B-7329-489D-A956-2EC3C39EE5B8}"
EndProject
Project("{8BC9CEB8-8B4A-11D0-8D11-00A0C91BC942}") = "embedder", "additional\libwdi\libwdi\embedder_2008.vcproj", "{792D44D5-28A7-4EB3-B84B-8021FE3189F9}"
EndProject
Project("{8BC9CEB8-8B4A-11D0-8D11-00A0C91BC942}") = "installer_x64", "additional\libwdi\libwdi\installer_x64_2008.vcproj", "{E5A56EE0-182F-470F-8CDC-8C1B7B86EE26}"
EndProject
Project("{8BC9CEB8-8B4A-11D0-8D11-00A0C91BC942}") = "installer_x86", "additional\libwdi\libwdi\installer_x86_2008.vcproj", "{9B1C561E-F95B-4849-A7AA-A4350E227C20}"
EndProject
Project("{8BC9CEB8-8B4A-11D0-8D11-00A0C91BC942}") = "libwdi (static)", "additional\libwdi\libwdi\libwdi_static_2008.vcproj", "{9AA0E745-1A0A-4700-8ECB-6A6DE9DBF8B9}"
	ProjectSection(ProjectDependencies) = postProject
		{9B1C561E-F95B-4849-A7AA-A4350E227C20} = {9B1C561E-F95B-4849-A7AA-A4350E227C20}
		{792D44D5-28A7-4EB3-B84B-8021FE3189F9} = {792D44D5-28A7-4EB3-B84B-8021FE3189F9}
		{E5A56EE0-182F-470F-8CDC-8C1B7B86EE26} = {E5A56EE0-182F-470F-8CDC-8C1B7B86EE26}
	EndProjectSection
EndProject
Project("{8BC9CEB8-8B4A-11D0-8D11-00A0C91BC942}") = "install-filter-win", "install-filter-win.vcproj", "{0EABF109-6EC7-4478-9985-8357D3237873}"
EndProject
Global
	GlobalSection(SolutionConfigurationPlatforms) = preSolution
		Debug|Mixed Platforms = Debug|Mixed Platforms
		Debug|Win32 = Debug|Win32
		Debug|x64 = Debug|x64
		Release|Mixed Platforms = Release|Mixed Platforms
		Release|Win32 = Release|Win32
		Release|x64 = Release|x64
	EndGlobalSection
	GlobalSection(ProjectConfigurationPlatforms) = postSolution
		{ED3B338F-9A7E-4136-A98D-E00771622E7B}.Debug|Mixed Platforms.ActiveCfg = Debug|Win32
		{ED3B338F-9A7E-4136-A98D-E00771622E7B}.Debug|Mixed Platforms.Build.0 = Debug|Win32
		{ED3B338F-9A7E-4136-A98D-E00771622E7B}.Debug|Win32.ActiveCfg = Debug|Win32
		{ED3B338F-9A7E-4136-A98D-E00771622E7B}.Debug|Win32.Build.0 = Debug|Win32
		{ED3B338F-9A7E-4136-A98D-E00771622E7B}.Debug|x64.ActiveCfg = Debug|x64
		{ED3B338F-9A7E-4136-A98D-E00771622E7B}.Debug|x64.Build.0 = Debug|x64
		{ED3B338F-9A7E-4136-A98D-E00771622E7B}.Release|Mixed Platforms.ActiveCfg = Release|x64
		{ED3B338F-9A7E-4136-A98D-E00771622E7B}.Release|Mixed Platforms.Build.0 = Release|x64
		{ED3B338F-9A7E-4136-A98D-E00771622E7B}.Release|Win32.ActiveCfg = Release|Win32
		{ED3B338F-9A7E-4136-A98D-E00771622E7B}.Release|Win32.Build.0 = Release|Win32
		{ED3B338F-9A7E-4136-A98D-E00771622E7B}.Release|x64.ActiveCfg = Release|x64
		{ED3B338F-9A7E-4136-A98D-E00771622E7B}.Release|x64.Build.0 = Release|x64
		{C52E6FA6-AFF5-468D-A82F-E9932E8203D4}.Debug|Mixed Platforms.ActiveCfg = Debug|Win32
		{C52E6FA6-AFF5-468D-A82F-E9932E8203D4}.Debug|Mixed Platforms.Build.0 = Debug|Win32
		{C52E6FA6-AFF5-468D-A82F-E9932E8203D4}.Debug|Win32.ActiveCfg = Debug|Win32
		{C52E6FA6-AFF5-468D-A82F-E9932E8203D4}.Debug|Win32.Build.0 = Debug|Win32
		{C52E6FA6-AFF5-468D-A82F-E9932E8203D4}.Debug|x64.ActiveCfg = Debug|x64
		{C52E6FA6-AFF5-468D-A82F-E9932E8203D4}.Debug|x64.Build.0 = Debug|x64
		{C52E6FA6-AFF5-468D-A82F-E9932E8203D4}.Release|Mixed Platforms.ActiveCfg = Release|x64
		{C52E6FA6-AFF5-468D-A82F-E9932E8203D4}.Release|Mixed Platforms.Build.0 = Release|x64
		{C52E6FA6-AFF5-468D-A82F-E9932E8203D4}.Release|Win32.ActiveCfg = Release|Win32
		{C52E6FA6-AFF5-468D-A82F-E9932E8203D4}.Release|Win32.Build.0 = Release|Win32
		{C52E6FA6-AFF5-468D-A82F-E9932E8203D4}.Release|x64.ActiveCfg = Release|x64
		{C52E6FA6-AFF5-468D-A82F-E9932E8203D4}.Release|x64.Build.0 = Release|x64
		{040945A3-5236-4F2E-A726-58FB98576E7B}.Debug|Mixed Platforms.ActiveCfg = Debug|Win32
		{040945A3-5236-4F2E-A726-58FB98576E7B}.Debug|Mixed Platforms.Build.0 = Debug|Win32
		{040945A3-5236-4F2E-A726-58FB98576E7B}.Debug|Win32.ActiveCfg = Debug|Win32
		{040945A3-5236-4F2E-A726-58FB98576E7B}.Debug|Win32.Build.0 = Debug|Win32
		{040945A3-5236-4F2E-A726-58FB98576E7B}.Debug|x64.ActiveCfg = Debug|Win32
		{040945A3-5236-4F2E-A726-58FB98576E7B}.Release|Mixed Platforms.ActiveCfg = Release|Win32
		{040945A3-5236-4F2E-A726-58FB98576E7B}.Release|Mixed Platforms.Build.0 = Release|Win32
		{040945A3-5236-4F2E-A726-58FB98576E7B}.Release|Win32.ActiveCfg = Release|Win32
		{040945A3-5236-4F2E-A726-58FB98576E7B}.Release|Win32.Build.0 = Release|Win32
		{040945A3-5236-4F2E-A726-58FB98576E7B}.Release|x64.ActiveCfg = Release|Win32
		{A1CCD5D1-6FB5-424E-B987-8DA81F16D14E}.Debug|Mixed Platforms.ActiveCfg = Debug|Win32
		{A1CCD5D1-6FB5-424E-B987-8DA81F16D14E}.Debug|Mixed Platforms.Build.0 = Debug|Win32
		{A1CCD5D1-6FB5-424E-B987-8DA81F16D14E}.Debug|Win32.ActiveCfg = Debug|Win32
		{A1CCD5D1-6FB5-424E-B987-8DA81F16D14E}.Debug|Win32.Build.0 = Debug|Win32
		{A1CCD5D1-6FB5-424E-B987-8DA81F16D14E}.Debug|x64.ActiveCfg = Debug|x64
		{A1CCD5D1-6FB5-424E-B987-8DA81F16D14E}.Debug|x64.Build.0 = Debug|x64
		{A1CCD5D1-6FB5-424E-B987-8DA81F16D14E}.Release|Mixed Platforms.ActiveCfg = Release|x64
		{A1CCD5D1-6FB5-424E-B987-8DA81F16D14E}.Release|Mixed Platforms.Build.0 = Release|x64
		{A1CCD5D1-6FB5-424E-B987-8DA81F16D14E}.Release|Win32.ActiveCfg = Release|Win32
		{A1CCD5D1-6FB5-424E-B987-8DA81F16D14E}.Release|Win32.Build.0 = Release|Win32
		{A1CCD5D1-6FB5-424E-B987-8DA81F16D14E}.Release|x64.ActiveCfg = Release|x64
		{A1CCD5D1-6FB5-424E-B987-8DA81F16D14E}.Release|x64.Build.0 = Release|x64
		{64992906-17FE-4EC7-BF72-AF41B0E826D0}.Debug|Mixed Platforms.ActiveCfg = Debug|Win32
		{64992906-17FE-4EC7-BF72-AF41B0E826D0}.Debug|Mixed Platforms.Build.0 = Debug|Win32
		{64992906-17FE-4EC7-BF72-AF41B0E826D0}.Debug|Win32.ActiveCfg = Debug|Win32
		{64992906-17FE-4EC7-BF72-AF41B0E826D0}.Debug|Win32.Build.0 = Debug|Win32
		{64992906-17FE-4EC7-BF72-AF41B0E826D0}.Debug|x64.ActiveCfg = Debug|x64
		{64992906-17FE-4EC7-BF72-AF41B0E826D0}.Debug|x64.Build.0 = Debug|x64
		{64992906-17FE-4EC7-BF72-AF41B0E826D0}.Release|Mixed Platforms.ActiveCfg = Release|x64
		{64992906-17FE-4EC7-BF72-AF41B0E826D0}.Release|Mixed Platforms.Build.0 = Release|x64
		{64992906-17FE-4EC7-BF72-AF41B0E826D0}.Release|Win32.ActiveCfg = Release|Win32
		{64992906-17FE-4EC7-BF72-AF41B0E826D0}.Release|Win32.Build.0 = Release|Win32
		{64992906-17FE-4EC7-BF72-AF41B0E826D0}.Release|x64.ActiveCfg = Release|x64
		{64992906-17FE-4EC7-BF72-AF41B0E826D0}.Release|x64.Build.0 = Release|x64
		{AD3F6DB8-DA1A-4C27-8CBB-FC7F4B836547}.Debug|Mixed Platforms.ActiveCfg = Debug|Win32
		{AD3F6DB8-DA1A-4C27-8CBB-FC7F4B836547}.Debug|Mixed Platforms.Build.0 = Debug|Win32
		{AD3F6DB8-DA1A-4C27-8CBB-FC7F4B836547}.Debug|Win32.ActiveCfg = Debug|Win32
		{AD3F6DB8-DA1A-4C27-8CBB-FC7F4B836547}.Debug|Win32.Build.0 = Debug|Win32
		{AD3F6DB8-DA1A-4C27-8CBB-FC7F4B836547}.Debug|x64.ActiveCfg = Debug|x64
		{AD3F6DB8-DA1A-4C27-8CBB-FC7F4B836547}.Debug|x64.Build.0 = Debug|x64
		{AD3F6DB8-DA1A-4C27-8CBB-FC7F4B836547}.Release|Mixed Platforms.ActiveCfg = Release|x64
		{AD3F6DB8-DA1A-4C27-8CBB-FC7F4B836547}.Release|Mixed Platforms.Build.0 = Release|x64
		{AD3F6DB8-DA1A-4C27-8CBB-FC7F4B836547}.Release|Win32.ActiveCfg = Release|Win32
		{AD3F6DB8-DA1A-4C27-8CBB-FC7F4B836547}.Release|Win32.Build.0 = Release|Win32
		{AD3F6DB8-DA1A-4C27-8CBB-FC7F4B836547}.Release|x64.ActiveCfg = Release|x64
		{AD3F6DB8-DA1A-4C27-8CBB-FC7F4B836547}.Release|x64.Build.0 = Release|x64
		{F1A067D0-AE24-43F2-ACD6-6545F41CEA2E}.Debug|Mixed Platforms.ActiveCfg = Debug|Win32
		{F1A067D0-AE24-43F2-ACD6-6545F41CEA2E}.Debug|Mixed Platforms.Build.0 = Debug|Win32
		{F1A067D0-AE24-43F2-ACD6-6545F41CEA2E}.Debug|Win32.ActiveCfg = Debug|Win32
		{F1A067D0-AE24-43F2-ACD6-6545F41CEA2E}.Debug|Win32.Build.0 = Debug|Win32
		{F1A067D0-AE24-43F2-ACD6-6545F41CEA2E}.Debug|x64.ActiveCfg = Debug|x64
		{F1A067D0-AE24-43F2-ACD6-6545F41CEA2E}.Debug|x64.Build.0 = Debug|x64
		{F1A067D0-AE24-43F2-ACD6-6545F41CEA2E}.Release|Mixed Platforms.ActiveCfg = Release|x64
		{F1A067D0-AE24-43F2-ACD6-6545F41CEA2E}.Release|Mixed Platforms.Build.0 = Release|x64
		{F1A067D0-AE24-43F2-ACD6-6545F41CEA2E}.Release|Win32.ActiveCfg = Release|Win32
		{F1A067D0-AE24-43F2-ACD6-6545F41CEA2E}.Release|Win32.Build.0 = Release|Win32
		{F1A067D0-AE24-43F2-ACD6-6545F41CEA2E}.Release|x64.ActiveCfg = Release|x64
		{F1A067D0-AE24-43F2-ACD6-6545F41CEA2E}.Release|x64.Build.0 = Release|x64
		{930C04F7-EA05-49D4-8741-5C6AC3B9D72A}.Debug|Mixed Platforms.ActiveCfg = Debug|Win32
		{930C04F7-EA05-49D4-8741-5C6AC3B9D72A}.Debug|Mixed Platforms.Build.0 = Debug|Win32
		{930C04F7-EA05-49D4-8741-5C6AC3B9D72A}.Debug|Win32.ActiveCfg = Debug|Win32
		{930C04F7-EA05-49D4-8741-5C6AC3B9D72A}.Debug|Win32.Build.0 = Debug|Win32
		{930C04F7-EA05-49D4-8741-5C6AC3B9D72A}.Debug|x64.ActiveCfg = Debug|x64
		{930C04F7-EA05-49D4-8741-5C6AC3B9D72A}.Debug|x64.Build.0 = Debug|x64
		{930C04F7-EA05-49D4-8741-5C6AC3B9D72A}.Release|Mixed Platforms.ActiveCfg = Release|x64
		{930C04F7-EA05-49D4-8741-5C6AC3B9D72A}.Release|Mixed Platforms.Build.0 = Release|x64
		{930C04F7-EA05-49D4-8741-5C6AC3B9D72A}.Release|Win32.ActiveCfg = Release|Win32
		{930C04F7-EA05-49D4-8741-5C6AC3B9D72A}.Release|Win32.Build.0 = Release|Win32
		{930C04F7-EA05-49D4-8741-5C6AC3B9D72A}.Release|x64.ActiveCfg = Release|x64
		{930C04F7-EA05-49D4-8741-5C6AC3B9D72A}.Release|x64.Build.0 = Release|x64
		{792D44D5-28A7-4EB3-B84B-8021FE3189F9}.Debug|Mixed Platforms.ActiveCfg = Debug|Win32
		{792D44D5-28A7-4EB3-B84B-8021FE3189F9}.Debug|Mixed Platforms.Build.0 = Debug|Win32
		{792D44D5-28A7-4EB3-B84B-8021FE3189F9}.Debug|Win32.ActiveCfg = Debug|Win32
		{792D44D5-28A7-4EB3-B84B-8021FE3189F9}.Debug|Win32.Build.0 = Debug|Win32
		{792D44D5-28A7-4EB3-B84B-8021FE3189F9}.Debug|x64.ActiveCfg = Debug|Win32
		{792D44D5-28A7-4EB3-B84B-8021FE3189F9}.Release|Mixed Platforms.ActiveCfg = Release|Win32
		{792D44D5-28A7-4EB3-B84B-8021FE3189F9}.Release|Mixed Platforms.Build.0 = Release|Win32
		{792D44D5-28A7-4EB3-B84B-8021FE3189F9}.Release|Win32.ActiveCfg = Release|Win32
		{792D44D5-28A7-4EB3-B84B-8021FE3189F9}.Release|Win32.Build.0 = Release|Win32
		{792D44D5-28A7-4EB3-B84B-8021FE3189F9}.Release|x64.ActiveCfg = Release|Win32
		{E5A56EE0-182F-470F-8CDC-8C1B7B86EE26}.Debug|Mixed Platforms.ActiveCfg = Debug|x64
		{E5A56EE0-182F-470F-8CDC-8C1B7B86EE26}.Debug|Mixed Platforms.Build.0 = Debug|x64
		{E5A56EE0-182F-470F-8CDC-8C1B7B86EE26}.Debug|Win32.ActiveCfg = Debug|x64
		{E5A56EE0-182F-470F-8CDC-8C1B7B86EE26}.Debug|Win32.Build.0 = Debug|x64
		{E5A56EE0-182F-470F-8CDC-8C1B7B86EE26}.Debug|x64.ActiveCfg = Debug|x64
		{E5A56EE0-182F-470F-8CDC-8C1B7B86EE26}.Debug|x64.Build.0 = Debug|x64
		{E5A56EE0-182F-470F-8CDC-8C1B7B86EE26}.Release|Mixed Platforms.ActiveCfg = Release|x64
		{E5A56EE0-182F-470F-8CDC-8C1B7B86EE26}.Release|Mixed Platforms.Build.0 = Release|x64
		{E5A56EE0-182F-470F-8CDC-8C1B7B86EE26}.Release|Win32.ActiveCfg = Release|x64
		{E5A56EE0-182F-470F-8CDC-8C1B7B86EE26}.Release|x64.ActiveCfg = Release|x64
		{E5A56EE0-182F-470F-8CDC-8C1B7B86EE26}.Release|x64.Build.0 = Release|x64
		{9B1C561E-F95B-4849-A7AA-A4350E227C20}.Debug|Mixed Platforms.ActiveCfg = Debug|Win32
		{9B1C561E-F95B-4849-A7AA-A4350E227C20}.Debug|Mixed Platforms.Build.0 = Debug|Win32
		{9B1C561E-F95B-4849-A7AA-A4350E227C20}.Debug|Win32.ActiveCfg = Debug|Win32
		{9B1C561E-F95B-4849-A7AA-A4350E227C20}.Debug|Win32.Build.0 = Debug|Win32
		{9B1C561E-F95B-4849-A7AA-A4350E227C20}.Debug|x64.ActiveCfg = Debug|Win32
		{9B1C561E-F95B-4849-A7AA-A4350E227C20}.Release|Mixed Platforms.ActiveCfg = Release|Win32
		{9B1C561E-F95B-4849-A7AA-A4350E227C20}.Release|Mixed Platforms.Build.0 = Release|Win32
		{9B1C561E-F95B-4849-A7AA-A4350E227C20}.Release|Win32.ActiveCfg = Release|Win32
		{9B1C561E-F95B-4849-A7AA-A4350E227C20}.Release|Win32.Build.0 = Release|Win32
		{9B1C561E-F95B-4849-A7AA-A4350E227C20}.Release|x64.ActiveCfg = Release|Win32
		{9AA0E745-1A0A-4700-8ECB-6A6DE9DBF8B9}.Debug|Mixed Platforms.ActiveCfg = Debug|Win32
		{9AA0E745-1A0A-4700-8ECB-6A6DE9DBF8B9}.Debug|Mixed Platforms.Build.0 = Debug|Win32
		{9AA0E745-1A0A-4700-8ECB-6A6DE9DBF8B9}.Debug|Win32.ActiveCfg = Debug|Win32
		{9AA0E745-1A0A-4700-8ECB-6A6DE9DBF8B9}.Debug|Win32.Build.0 = Debug|Win32
		{9AA0E745-1A0A-4700-8ECB-6A6DE9DBF8B9}.Debug|x64.ActiveCfg = Debug|Win32
		{9AA0E745-1A0A-4700-8ECB-6A6DE9DBF8B9}.Release|Mixed Platforms.ActiveCfg = Release|Win32
		{9AA0E745-1A0A-4700-8ECB-6A6DE9DBF8B9}.Release|Mixed Platforms.Build.0 = Release|Win32
		{9AA0E745-1A0A-4700-8ECB-6A6DE9DBF8B9}.Release|Win32.ActiveCfg = Release|Win32
		{9AA0E745-1A0A-4700-8ECB-6A6DE9DBF8B9}.Release|Win32.Build.0 = Release|Win32
		{9AA0E745-1A0A-4700-8ECB-6A6DE9DBF8B9}.Release|x64.ActiveCfg = Release|Win32
		{0EABF109-6EC7-4478-9985-8357D3237873}.Debug|Mixed Platforms.ActiveCfg = Debug|Win32
		{0EABF109-6EC7-4478-9985-8357D3237873}.Debug|Mixed Platforms.Build.0 = Debug|Win32
		{0EABF109-6EC7-4478-9985-8357D3237873}.Debug|Win32.ActiveCfg = Debug|Win32
		{0EABF109-6EC7-4478-9985-8357D3237873}.Debug|Win32.Build.0 = Debug|Win32
		{0EABF109-6EC7-4478-9985-8357D3237873}.Debug|x64.ActiveCfg = Debug|x64
		{0EABF109-6EC7-4478-9985-8357D3237873}.Release|Mixed Platforms.ActiveCfg = Release|Win32
		{0EABF109-6EC7-4478-9985-8357D3237873}.Release|Mixed Platforms.Build.0 = Release|Win32
		{0EABF109-6EC7-4478-9985-8357D3237873}.Release|Win32.ActiveCfg = Release|Win32
		{0EABF109-6EC7-4478-9985-8357D3237873}.Release|Win32.Build.0 = Release|Win32
		{0EABF109-6EC7-4478-9985-8357D3237873}.Release|x64.ActiveCfg = Release|x64
	EndGlobalSection
	GlobalSection(SolutionProperties) = preSolution
		HideSolutionNode = FALSE
	EndGlobalSection
	GlobalSection(NestedProjects) = preSolution
		{792D44D5-28A7-4EB3-B84B-8021FE3189F9} = {7D8B217B-7329-489D-A956-2EC3C39EE5B8}
		{E5A56EE0-182F-470F-8CDC-8C1B7B86EE26} = {7D8B217B-7329-489D-A956-2EC3C39EE5B8}
		{9B1C561E-F95B-4849-A7AA-A4350E227C20} = {7D8B217B-7329-489D-A956-2EC3C39EE5B8}
		{9AA0E745-1A0A-4700-8ECB-6A6DE9DBF8B9} = {7D8B217B-7329-489D-A956-2EC3C39EE5B8}
	EndGlobalSection
EndGlobal
