
Microsoft Visual Studio Solution File, Format Version 12.00
# Visual Studio Version 16
VisualStudioVersion = 16.0.34031.81
MinimumVisualStudioVersion = 10.0.40219.1
Project("{8BC9CEB8-8B4A-11D0-8D11-00A0C91BC942}") = "libusb0", "libusb0\libusb0.vcxproj", "{01D1C648-6A77-4F63-880C-710FEBF98694}"
EndProject
Project("{8BC9CEB8-8B4A-11D0-8D11-00A0C91BC942}") = "libusb-dll", "libusb-dll\libusb-dll.vcxproj", "{116C5D59-5947-49FD-A38D-F942930243CB}"
EndProject
Project("{8BC9CEB8-8B4A-11D0-8D11-00A0C91BC942}") = "testlibusb", "testlibusb\testlibusb.vcxproj", "{87512D2C-D4F8-454E-83DF-076161742848}"
	ProjectSection(ProjectDependencies) = postProject
		{116C5D59-5947-49FD-A38D-F942930243CB} = {116C5D59-5947-49FD-A38D-F942930243CB}
	EndProjectSection
EndProject
Project("{8BC9CEB8-8B4A-11D0-8D11-00A0C91BC942}") = "testlibusb-win", "testlibusb-win\testlibusb-win.vcxproj", "{A1A62B9F-A631-42E4-939C-68B5782C2998}"
	ProjectSection(ProjectDependencies) = postProject
		{116C5D59-5947-49FD-A38D-F942930243CB} = {116C5D59-5947-49FD-A38D-F942930243CB}
	EndProjectSection
EndProject
Project("{8BC9CEB8-8B4A-11D0-8D11-00A0C91BC942}") = "install-filter", "install-filter\install-filter.vcxproj", "{B7C0CEB5-362F-447E-A476-95756DE45AC7}"
EndProject
Project("{8BC9CEB8-8B4A-11D0-8D11-00A0C91BC942}") = "install-filter-win", "install-filter-win\install-filter-win.vcxproj", "{1190A3DD-83F9-436E-97FD-6600F0626EA3}"
EndProject
Global
	GlobalSection(SolutionConfigurationPlatforms) = preSolution
		Debug|ARM = Debug|ARM
		Debug|ARM64 = Debug|ARM64
		Debug|x64 = Debug|x64
		Debug|x86 = Debug|x86
		Release|ARM = Release|ARM
		Release|ARM64 = Release|ARM64
		Release|x64 = Release|x64
		Release|x86 = Release|x86
	EndGlobalSection
	GlobalSection(ProjectConfigurationPlatforms) = postSolution
		{01D1C648-6A77-4F63-880C-710FEBF98694}.Debug|ARM.ActiveCfg = Debug|ARM
		{01D1C648-6A77-4F63-880C-710FEBF98694}.Debug|ARM.Build.0 = Debug|ARM
		{01D1C648-6A77-4F63-880C-710FEBF98694}.Debug|ARM.Deploy.0 = Debug|ARM
		{01D1C648-6A77-4F63-880C-710FEBF98694}.Debug|ARM64.ActiveCfg = Debug|ARM64
		{01D1C648-6A77-4F63-880C-710FEBF98694}.Debug|ARM64.Build.0 = Debug|ARM64
		{01D1C648-6A77-4F63-880C-710FEBF98694}.Debug|ARM64.Deploy.0 = Debug|ARM64
		{01D1C648-6A77-4F63-880C-710FEBF98694}.Debug|x64.ActiveCfg = Debug|x64
		{01D1C648-6A77-4F63-880C-710FEBF98694}.Debug|x64.Build.0 = Debug|x64
		{01D1C648-6A77-4F63-880C-710FEBF98694}.Debug|x64.Deploy.0 = Debug|x64
		{01D1C648-6A77-4F63-880C-710FEBF98694}.Debug|x86.ActiveCfg = Debug|Win32
		{01D1C648-6A77-4F63-880C-710FEBF98694}.Debug|x86.Build.0 = Debug|Win32
		{01D1C648-6A77-4F63-880C-710FEBF98694}.Debug|x86.Deploy.0 = Debug|Win32
		{01D1C648-6A77-4F63-880C-710FEBF98694}.Release|ARM.ActiveCfg = Release|ARM
		{01D1C648-6A77-4F63-880C-710FEBF98694}.Release|ARM.Build.0 = Release|ARM
		{01D1C648-6A77-4F63-880C-710FEBF98694}.Release|ARM.Deploy.0 = Release|ARM
		{01D1C648-6A77-4F63-880C-710FEBF98694}.Release|ARM64.ActiveCfg = Release|ARM64
		{01D1C648-6A77-4F63-880C-710FEBF98694}.Release|ARM64.Build.0 = Release|ARM64
		{01D1C648-6A77-4F63-880C-710FEBF98694}.Release|ARM64.Deploy.0 = Release|ARM64
		{01D1C648-6A77-4F63-880C-710FEBF98694}.Release|x64.ActiveCfg = Release|x64
		{01D1C648-6A77-4F63-880C-710FEBF98694}.Release|x64.Build.0 = Release|x64
		{01D1C648-6A77-4F63-880C-710FEBF98694}.Release|x64.Deploy.0 = Release|x64
		{01D1C648-6A77-4F63-880C-710FEBF98694}.Release|x86.ActiveCfg = Release|Win32
		{01D1C648-6A77-4F63-880C-710FEBF98694}.Release|x86.Build.0 = Release|Win32
		{01D1C648-6A77-4F63-880C-710FEBF98694}.Release|x86.Deploy.0 = Release|Win32
		{116C5D59-5947-49FD-A38D-F942930243CB}.Debug|ARM.ActiveCfg = Debug|Win32
		{116C5D59-5947-49FD-A38D-F942930243CB}.Debug|ARM64.ActiveCfg = Debug|ARM64
		{116C5D59-5947-49FD-A38D-F942930243CB}.Debug|ARM64.Build.0 = Debug|ARM64
		{116C5D59-5947-49FD-A38D-F942930243CB}.Debug|x64.ActiveCfg = Debug|x64
		{116C5D59-5947-49FD-A38D-F942930243CB}.Debug|x64.Build.0 = Debug|x64
		{116C5D59-5947-49FD-A38D-F942930243CB}.Debug|x86.ActiveCfg = Debug|Win32
		{116C5D59-5947-49FD-A38D-F942930243CB}.Debug|x86.Build.0 = Debug|Win32
		{116C5D59-5947-49FD-A38D-F942930243CB}.Release|ARM.ActiveCfg = Release|Win32
		{116C5D59-5947-49FD-A38D-F942930243CB}.Release|ARM64.ActiveCfg = Release|ARM64
		{116C5D59-5947-49FD-A38D-F942930243CB}.Release|ARM64.Build.0 = Release|ARM64
		{116C5D59-5947-49FD-A38D-F942930243CB}.Release|x64.ActiveCfg = Release|x64
		{116C5D59-5947-49FD-A38D-F942930243CB}.Release|x64.Build.0 = Release|x64
		{116C5D59-5947-49FD-A38D-F942930243CB}.Release|x86.ActiveCfg = Release|Win32
		{116C5D59-5947-49FD-A38D-F942930243CB}.Release|x86.Build.0 = Release|Win32
		{87512D2C-D4F8-454E-83DF-076161742848}.Debug|ARM.ActiveCfg = Debug|Win32
		{87512D2C-D4F8-454E-83DF-076161742848}.Debug|ARM64.ActiveCfg = Debug|ARM64
		{87512D2C-D4F8-454E-83DF-076161742848}.Debug|ARM64.Build.0 = Debug|ARM64
		{87512D2C-D4F8-454E-83DF-076161742848}.Debug|x64.ActiveCfg = Debug|x64
		{87512D2C-D4F8-454E-83DF-076161742848}.Debug|x64.Build.0 = Debug|x64
		{87512D2C-D4F8-454E-83DF-076161742848}.Debug|x86.ActiveCfg = Debug|Win32
		{87512D2C-D4F8-454E-83DF-076161742848}.Debug|x86.Build.0 = Debug|Win32
		{87512D2C-D4F8-454E-83DF-076161742848}.Release|ARM.ActiveCfg = Release|Win32
		{87512D2C-D4F8-454E-83DF-076161742848}.Release|ARM64.ActiveCfg = Release|ARM64
		{87512D2C-D4F8-454E-83DF-076161742848}.Release|ARM64.Build.0 = Release|ARM64
		{87512D2C-D4F8-454E-83DF-076161742848}.Release|x64.ActiveCfg = Release|x64
		{87512D2C-D4F8-454E-83DF-076161742848}.Release|x64.Build.0 = Release|x64
		{87512D2C-D4F8-454E-83DF-076161742848}.Release|x86.ActiveCfg = Release|Win32
		{87512D2C-D4F8-454E-83DF-076161742848}.Release|x86.Build.0 = Release|Win32
		{A1A62B9F-A631-42E4-939C-68B5782C2998}.Debug|ARM.ActiveCfg = Debug|Win32
		{A1A62B9F-A631-42E4-939C-68B5782C2998}.Debug|ARM64.ActiveCfg = Debug|ARM64
		{A1A62B9F-A631-42E4-939C-68B5782C2998}.Debug|ARM64.Build.0 = Debug|ARM64
		{A1A62B9F-A631-42E4-939C-68B5782C2998}.Debug|x64.ActiveCfg = Debug|x64
		{A1A62B9F-A631-42E4-939C-68B5782C2998}.Debug|x64.Build.0 = Debug|x64
		{A1A62B9F-A631-42E4-939C-68B5782C2998}.Debug|x86.ActiveCfg = Debug|Win32
		{A1A62B9F-A631-42E4-939C-68B5782C2998}.Debug|x86.Build.0 = Debug|Win32
		{A1A62B9F-A631-42E4-939C-68B5782C2998}.Release|ARM.ActiveCfg = Release|Win32
		{A1A62B9F-A631-42E4-939C-68B5782C2998}.Release|ARM64.ActiveCfg = Release|ARM64
		{A1A62B9F-A631-42E4-939C-68B5782C2998}.Release|ARM64.Build.0 = Release|ARM64
		{A1A62B9F-A631-42E4-939C-68B5782C2998}.Release|x64.ActiveCfg = Release|x64
		{A1A62B9F-A631-42E4-939C-68B5782C2998}.Release|x64.Build.0 = Release|x64
		{A1A62B9F-A631-42E4-939C-68B5782C2998}.Release|x86.ActiveCfg = Release|Win32
		{A1A62B9F-A631-42E4-939C-68B5782C2998}.Release|x86.Build.0 = Release|Win32
		{B7C0CEB5-362F-447E-A476-95756DE45AC7}.Debug|ARM.ActiveCfg = Debug|Win32
		{B7C0CEB5-362F-447E-A476-95756DE45AC7}.Debug|ARM64.ActiveCfg = Debug|ARM64
		{B7C0CEB5-362F-447E-A476-95756DE45AC7}.Debug|ARM64.Build.0 = Debug|ARM64
		{B7C0CEB5-362F-447E-A476-95756DE45AC7}.Debug|x64.ActiveCfg = Debug|x64
		{B7C0CEB5-362F-447E-A476-95756DE45AC7}.Debug|x64.Build.0 = Debug|x64
		{B7C0CEB5-362F-447E-A476-95756DE45AC7}.Debug|x86.ActiveCfg = Debug|Win32
		{B7C0CEB5-362F-447E-A476-95756DE45AC7}.Debug|x86.Build.0 = Debug|Win32
		{B7C0CEB5-362F-447E-A476-95756DE45AC7}.Release|ARM.ActiveCfg = Release|Win32
		{B7C0CEB5-362F-447E-A476-95756DE45AC7}.Release|ARM64.ActiveCfg = Release|ARM64
		{B7C0CEB5-362F-447E-A476-95756DE45AC7}.Release|ARM64.Build.0 = Release|ARM64
		{B7C0CEB5-362F-447E-A476-95756DE45AC7}.Release|x64.ActiveCfg = Release|x64
		{B7C0CEB5-362F-447E-A476-95756DE45AC7}.Release|x64.Build.0 = Release|x64
		{B7C0CEB5-362F-447E-A476-95756DE45AC7}.Release|x86.ActiveCfg = Release|Win32
		{B7C0CEB5-362F-447E-A476-95756DE45AC7}.Release|x86.Build.0 = Release|Win32
		{1190A3DD-83F9-436E-97FD-6600F0626EA3}.Debug|ARM.ActiveCfg = Debug|Win32
		{1190A3DD-83F9-436E-97FD-6600F0626EA3}.Debug|ARM64.ActiveCfg = Debug|ARM64
		{1190A3DD-83F9-436E-97FD-6600F0626EA3}.Debug|ARM64.Build.0 = Debug|ARM64
		{1190A3DD-83F9-436E-97FD-6600F0626EA3}.Debug|x64.ActiveCfg = Debug|x64
		{1190A3DD-83F9-436E-97FD-6600F0626EA3}.Debug|x64.Build.0 = Debug|x64
		{1190A3DD-83F9-436E-97FD-6600F0626EA3}.Debug|x86.ActiveCfg = Debug|Win32
		{1190A3DD-83F9-436E-97FD-6600F0626EA3}.Debug|x86.Build.0 = Debug|Win32
		{1190A3DD-83F9-436E-97FD-6600F0626EA3}.Release|ARM.ActiveCfg = Release|Win32
		{1190A3DD-83F9-436E-97FD-6600F0626EA3}.Release|ARM64.ActiveCfg = Release|ARM64
		{1190A3DD-83F9-436E-97FD-6600F0626EA3}.Release|ARM64.Build.0 = Release|ARM64
		{1190A3DD-83F9-436E-97FD-6600F0626EA3}.Release|x64.ActiveCfg = Release|x64
		{1190A3DD-83F9-436E-97FD-6600F0626EA3}.Release|x64.Build.0 = Release|x64
		{1190A3DD-83F9-436E-97FD-6600F0626EA3}.Release|x86.ActiveCfg = Release|Win32
		{1190A3DD-83F9-436E-97FD-6600F0626EA3}.Release|x86.Build.0 = Release|Win32
	EndGlobalSection
	GlobalSection(SolutionProperties) = preSolution
		HideSolutionNode = FALSE
	EndGlobalSection
	GlobalSection(ExtensibilityGlobals) = postSolution
		SolutionGuid = {38571679-113C-4080-8018-0738024FA1BB}
	EndGlobalSection
EndGlobal
